
Microsoft Visual Studio Solution File, Format Version 12.00
# Visual Studio Version 17
VisualStudioVersion = 17.14.36414.22
MinimumVisualStudioVersion = 10.0.40219.1
Project("{FAE04EC0-301F-11D3-BF4B-00C04F79EFBC}") = "OrmAPI", "OrmAPI.csproj", "{6C8D69AD-542F-44F6-9C3F-A345DB0B7938}"
EndProject
Global
	GlobalSection(SolutionConfigurationPlatforms) = preSolution
		Debug|Any CPU = Debug|Any CPU
		Release|Any CPU = Release|Any CPU
	EndGlobalSection
	GlobalSection(ProjectConfigurationPlatforms) = postSolution
		{6C8D69AD-542F-44F6-9C3F-A345DB0B7938}.Debug|Any CPU.ActiveCfg = Debug|Any CPU
		{6C8D69AD-542F-44F6-9C3F-A345DB0B7938}.Debug|Any CPU.Build.0 = Debug|Any CPU
		{6C8D69AD-542F-44F6-9C3F-A345DB0B7938}.Release|Any CPU.ActiveCfg = Release|Any CPU
		{6C8D69AD-542F-44F6-9C3F-A345DB0B7938}.Release|Any CPU.Build.0 = Release|Any CPU
	EndGlobalSection
	GlobalSection(SolutionProperties) = preSolution
		HideSolutionNode = FALSE
	EndGlobalSection
	GlobalSection(ExtensibilityGlobals) = postSolution
		SolutionGuid = {88BF5156-C151-4D0D-B0E0-872ECFEB3B26}
	EndGlobalSection
EndGlobal
